
Microsoft Visual Studio Solution File, Format Version 12.00
# Visual Studio Version 17
VisualStudioVersion = 17.7.34031.279
MinimumVisualStudioVersion = 10.0.40219.1
Project("{FAE04EC0-301F-11D3-BF4B-00C04F79EFBC}") = "AspNetCoreWebApp", "AspNetCoreWebApp\AspNetCoreWebApp.csproj", "{DE21C9A3-7E86-48BD-86EA-280D58CD7C88}"
EndProject
Global
	GlobalSection(SolutionConfigurationPlatforms) = preSolution
		Debug|Any CPU = Debug|Any CPU
		Release|Any CPU = Release|Any CPU
	EndGlobalSection
	GlobalSection(ProjectConfigurationPlatforms) = postSolution
		{DE21C9A3-7E86-48BD-86EA-280D58CD7C88}.Debug|Any CPU.ActiveCfg = Debug|Any CPU
		{DE21C9A3-7E86-48BD-86EA-280D58CD7C88}.Debug|Any CPU.Build.0 = Debug|Any CPU
		{DE21C9A3-7E86-48BD-86EA-280D58CD7C88}.Release|Any CPU.ActiveCfg = Release|Any CPU
		{DE21C9A3-7E86-48BD-86EA-280D58CD7C88}.Release|Any CPU.Build.0 = Release|Any CPU
	EndGlobalSection
	GlobalSection(SolutionProperties) = preSolution
		HideSolutionNode = FALSE
	EndGlobalSection
	GlobalSection(ExtensibilityGlobals) = postSolution
		SolutionGuid = {C975AC03-CF37-42D7-9A3F-11B5612250C8}
	EndGlobalSection
EndGlobal
